github.com/confluentinc/confluent-kafka-go v1.9.2 h1:gV/GxhMBUb03tFWkN+7kdhg+zf+QUM+wVkI9zwh770Q=
github.com/confluentinc/confluent-kafka-go v1.9.2/go.mod h1:ptXNqsuDfYbAE/LBW6pnwWZElUoWxHoV8E43DCrliyo=
github.com/confluentinc/confluent-kafka-go/v2 v2.3.0 h1:icCHutJouWlQREayFwCc7lxDAhws08td+W3/gdqgZts=
github.com/confluentinc/confluent-kafka-go/v2 v2.3.0/go.mod h1:/VTy8iEpe6mD9pkCH5BhijlUl8ulUXymKv1Qig5Rgb8=
github.com/gofrs/uuid/v5 v5.0.0 h1:p544++a97kEL+svbcFbCQVM9KFu0Yo25UoISXGNNH9M=
github.com/gofrs/uuid/v5 v5.0.0/go.mod h1:CDOjlDMVAtN56jqyRUZh58JT31Tiw7/oQyEXZV+9bD8=
github.com/pelletier/go-toml/v2 v2.0.8 h1:0ctb6s9mE31h0/lhu+J6OPmVeDxJn+kYnJc2jZR9tGQ=
github.com/pelletier/go-toml/v2 v2.0.8/go.mod h1:vuYfssBdrU2XDZ9bYydBu6t+6a6PYNcZljzZR9VXg+4=
github.com/vinyl-linux/mint v0.3.0 h1:orClUzF+rjNdK5QxDLm5dsOCQcGONyUcgyivRhKwsQo=
github.com/vinyl-linux/mint v0.3.0/go.mod h1:BBpUtDMnXXoq827hlTvS6Z/S/RLWFqZJ+B08MFN7LwQ=
google.golang.org/protobuf v1.30.0 h1:kPPoIgf3TsEvrm0PFe15JQ+570QVxYzEvvHqChK+cng=
google.golang.org/protobuf v1.30.0/go.mod h1:HV8QOd/L58Z+nl8r43ehVNZIU/HEI6OcFqwMG9pJV4I=
